
Microsoft Visual Studio Solution File, Format Version 12.00
# Visual Studio Version 17
VisualStudioVersion = 17.14.36908.2 d17.14
MinimumVisualStudioVersion = 10.0.40219.1
Project("{FAE04EC0-301F-11D3-BF4B-00C04F79EFBC}") = "ChooseStartingLocation", "ChooseStartingLocation.csproj", "{52FE9754-38F3-606F-6730-F8784647C237}"
EndProject
Global
	GlobalSection(SolutionConfigurationPlatforms) = preSolution
		Debug|Any CPU = Debug|Any CPU
		Release|Any CPU = Release|Any CPU
	EndGlobalSection
	GlobalSection(ProjectConfigurationPlatforms) = postSolution
		{52FE9754-38F3-606F-6730-F8784647C237}.Debug|Any CPU.ActiveCfg = Debug|Any CPU
		{52FE9754-38F3-606F-6730-F8784647C237}.Debug|Any CPU.Build.0 = Debug|Any CPU
		{52FE9754-38F3-606F-6730-F8784647C237}.Release|Any CPU.ActiveCfg = Release|Any CPU
		{52FE9754-38F3-606F-6730-F8784647C237}.Release|Any CPU.Build.0 = Release|Any CPU
	EndGlobalSection
	GlobalSection(SolutionProperties) = preSolution
		HideSolutionNode = FALSE
	EndGlobalSection
	GlobalSection(ExtensibilityGlobals) = postSolution
		SolutionGuid = {1E492DF1-09F8-430E-9A17-B4A14AB61EAD}
	EndGlobalSection
EndGlobal
